// !$*UTF8*$!
{
	archiveVersion = 1;
	classes = {
	};
	objectVersion = 48;
	objects = {

/* Begin PBXBuildFile section */
		FAF801412024E79000F5C7C5 /* main.cpp in Sources */ = {isa = PBXBuildFile; fileRef = FAF801402024E79000F5C7C5 /* main.cpp */; };
		FAF801492024E7A900F5C7C5 /* Controller.cpp in Sources */ = {isa = PBXBuildFile; fileRef = FAF801472024E7A900F5C7C5 /* Controller.cpp */; };
		FAF801502024EB1F00F5C7C5 /* FileController.cpp in Sources */ = {isa = PBXBuildFile; fileRef = FAF8014E2024EB1F00F5C7C5 /* FileController.cpp */; };
		FAF801532024EDFA00F5C7C5 /* Timer.cpp in Sources */ = {isa = PBXBuildFile; fileRef = FAF801512024EDFA00F5C7C5 /* Timer.cpp */; };
		FAF801582024F26600F5C7C5 /* CrimeData.cpp in Sources */ = {isa = PBXBuildFile; fileRef = FAF801552024F26500F5C7C5 /* CrimeData.cpp */; };
/* End PBXBuildFile section */

/* Begin PBXCopyFilesBuildPhase section */
		FAF8013B2024E79000F5C7C5 /* CopyFiles */ = {
			isa = PBXCopyFilesBuildPhase;
			buildActionMask = 2147483647;
			dstPath = /usr/share/man/man1/;
			dstSubfolderSpec = 0;
			files = (
			);
			runOnlyForDeploymentPostprocessing = 1;
		};
/* End PBXCopyFilesBuildPhase section */

/* Begin PBXFileReference section */
		FAF8013D2024E79000F5C7C5 /* DataStructures */ = {isa = PBXFileReference; explicitFileType = "compiled.mach-o.executable"; includeInIndex = 0; path = DataStructures; sourceTree = BUILT_PRODUCTS_DIR; };
		FAF801402024E79000F5C7C5 /* main.cpp */ = {isa = PBXFileReference; lastKnownFileType = sourcecode.cpp.cpp; path = main.cpp; sourceTree = "<group>"; };
		FAF801472024E7A900F5C7C5 /* Controller.cpp */ = {isa = PBXFileReference; lastKnownFileType = sourcecode.cpp.cpp; path = Controller.cpp; sourceTree = "<group>"; };
		FAF801482024E7A900F5C7C5 /* Controller.hpp */ = {isa = PBXFileReference; lastKnownFileType = sourcecode.cpp.h; path = Controller.hpp; sourceTree = "<group>"; };
		FAF8014E2024EB1F00F5C7C5 /* FileController.cpp */ = {isa = PBXFileReference; lastKnownFileType = sourcecode.cpp.cpp; path = FileController.cpp; sourceTree = "<group>"; };
		FAF8014F2024EB1F00F5C7C5 /* FileController.hpp */ = {isa = PBXFileReference; lastKnownFileType = sourcecode.cpp.h; path = FileController.hpp; sourceTree = "<group>"; };
		FAF801512024EDFA00F5C7C5 /* Timer.cpp */ = {isa = PBXFileReference; lastKnownFileType = sourcecode.cpp.cpp; path = Timer.cpp; sourceTree = "<group>"; };
		FAF801522024EDFA00F5C7C5 /* Timer.hpp */ = {isa = PBXFileReference; lastKnownFileType = sourcecode.cpp.h; path = Timer.hpp; sourceTree = "<group>"; };
		FAF801552024F26500F5C7C5 /* CrimeData.cpp */ = {isa = PBXFileReference; fileEncoding = 4; lastKnownFileType = sourcecode.cpp.cpp; path = CrimeData.cpp; sourceTree = "<group>"; };
		FAF801562024F26500F5C7C5 /* crime.csv */ = {isa = PBXFileReference; fileEncoding = 4; lastKnownFileType = text; path = crime.csv; sourceTree = "<group>"; };
		FAF801572024F26500F5C7C5 /* CrimeData.hpp */ = {isa = PBXFileReference; fileEncoding = 4; lastKnownFileType = sourcecode.cpp.h; path = CrimeData.hpp; sourceTree = "<group>"; };
/* End PBXFileReference section */

/* Begin PBXFrameworksBuildPhase section */
		FAF8013A2024E79000F5C7C5 /* Frameworks */ = {
			isa = PBXFrameworksBuildPhase;
			buildActionMask = 2147483647;
			files = (
			);
			runOnlyForDeploymentPostprocessing = 0;
		};
/* End PBXFrameworksBuildPhase section */

/* Begin PBXGroup section */
		FAF801342024E79000F5C7C5 = {
			isa = PBXGroup;
			children = (
				FAF8013F2024E79000F5C7C5 /* DataStructures */,
				FAF8013E2024E79000F5C7C5 /* Products */,
			);
			sourceTree = "<group>";
		};
		FAF8013E2024E79000F5C7C5 /* Products */ = {
			isa = PBXGroup;
			children = (
				FAF8013D2024E79000F5C7C5 /* DataStructures */,
			);
			name = Products;
			sourceTree = "<group>";
		};
		FAF8013F2024E79000F5C7C5 /* DataStructures */ = {
			isa = PBXGroup;
			children = (
				FAF801542024F1F500F5C7C5 /* Data */,
				FAF801402024E79000F5C7C5 /* main.cpp */,
				FAF8014D2024E9A000F5C7C5 /* Tools */,
			);
			path = DataStructures;
			sourceTree = "<group>";
		};
		FAF8014D2024E9A000F5C7C5 /* Tools */ = {
			isa = PBXGroup;
			children = (
				FAF801472024E7A900F5C7C5 /* Controller.cpp */,
				FAF801482024E7A900F5C7C5 /* Controller.hpp */,
				FAF8014E2024EB1F00F5C7C5 /* FileController.cpp */,
				FAF8014F2024EB1F00F5C7C5 /* FileController.hpp */,
				FAF801512024EDFA00F5C7C5 /* Timer.cpp */,
				FAF801522024EDFA00F5C7C5 /* Timer.hpp */,
			);
			path = Tools;
			sourceTree = "<group>";
		};
		FAF801542024F1F500F5C7C5 /* Data */ = {
			isa = PBXGroup;
			children = (
				FAF801562024F26500F5C7C5 /* crime.csv */,
				FAF801552024F26500F5C7C5 /* CrimeData.cpp */,
				FAF801572024F26500F5C7C5 /* CrimeData.hpp */,
			);
			path = Data;
			sourceTree = "<group>";
		};
/* End PBXGroup section */

/* Begin PBXNativeTarget section */
		FAF8013C2024E79000F5C7C5 /* DataStructures */ = {
			isa = PBXNativeTarget;
			buildConfigurationList = FAF801442024E79000F5C7C5 /* Build configuration list for PBXNativeTarget "DataStructures" */;
			buildPhases = (
				FAF801392024E79000F5C7C5 /* Sources */,
				FAF8013A2024E79000F5C7C5 /* Frameworks */,
				FAF8013B2024E79000F5C7C5 /* CopyFiles */,
			);
			buildRules = (
			);
			dependencies = (
			);
			name = DataStructures;
			productName = DataStructures;
			productReference = FAF8013D2024E79000F5C7C5 /* DataStructures */;
			productType = "com.apple.product-type.tool";
		};
/* End PBXNativeTarget section */

/* Begin PBXProject section */
		FAF801352024E79000F5C7C5 /* Project object */ = {
			isa = PBXProject;
			attributes = {
				LastUpgradeCheck = 0900;
				ORGANIZATIONNAME = "Brailow Inc.";
				TargetAttributes = {
					FAF8013C2024E79000F5C7C5 = {
						CreatedOnToolsVersion = 9.0;
						ProvisioningStyle = Automatic;
					};
				};
			};
			buildConfigurationList = FAF801382024E79000F5C7C5 /* Build configuration list for PBXProject "DataStructures" */;
			compatibilityVersion = "Xcode 8.0";
			developmentRegion = en;
			hasScannedForEncodings = 0;
			knownRegions = (
				en,
			);
			mainGroup = FAF801342024E79000F5C7C5;
			productRefGroup = FAF8013E2024E79000F5C7C5 /* Products */;
			projectDirPath = "";
			projectRoot = "";
			targets = (
				FAF8013C2024E79000F5C7C5 /* DataStructures */,
			);
		};
/* End PBXProject section */

/* Begin PBXSourcesBuildPhase section */
		FAF801392024E79000F5C7C5 /* Sources */ = {
			isa = PBXSourcesBuildPhase;
			buildActionMask = 2147483647;
			files = (
				FAF801412024E79000F5C7C5 /* main.cpp in Sources */,
				FAF801582024F26600F5C7C5 /* CrimeData.cpp in Sources */,
				FAF801492024E7A900F5C7C5 /* Controller.cpp in Sources */,
				FAF801502024EB1F00F5C7C5 /* FileController.cpp in Sources */,
				FAF801532024EDFA00F5C7C5 /* Timer.cpp in Sources */,
			);
			runOnlyForDeploymentPostprocessing = 0;
		};
/* End PBXSourcesBuildPhase section */

/* Begin XCBuildConfiguration section */
		FAF801422024E79000F5C7C5 /* Debug */ = {
			isa = XCBuildConfiguration;
			buildSettings = {
				ALWAYS_SEARCH_USER_PATHS = NO;
				CLANG_ANALYZER_NONNULL = YES;
				CLANG_ANALYZER_NUMBER_OBJECT_CONVERSION = YES_AGGRESSIVE;
				CLANG_CXX_LANGUAGE_STANDARD = "gnu++14";
				CLANG_CXX_LIBRARY = "libc++";
				CLANG_ENABLE_MODULES = YES;
				CLANG_ENABLE_OBJC_ARC = YES;
				CLANG_WARN_BLOCK_CAPTURE_AUTORELEASING = YES;
				CLANG_WARN_BOOL_CONVERSION = YES;
				CLANG_WARN_COMMA = YES;
				CLANG_WARN_CONSTANT_CONVERSION = YES;
				CLANG_WARN_DIRECT_OBJC_ISA_USAGE = YES_ERROR;
				CLANG_WARN_DOCUMENTATION_COMMENTS = YES;
				CLANG_WARN_EMPTY_BODY = YES;
				CLANG_WARN_ENUM_CONVERSION = YES;
				CLANG_WARN_INFINITE_RECURSION = YES;
				CLANG_WARN_INT_CONVERSION = YES;
				CLANG_WARN_NON_LITERAL_NULL_CONVERSION = YES;
				CLANG_WARN_OBJC_LITERAL_CONVERSION = YES;
				CLANG_WARN_OBJC_ROOT_CLASS = YES_ERROR;
				CLANG_WARN_RANGE_LOOP_ANALYSIS = YES;
				CLANG_WARN_STRICT_PROTOTYPES = YES;
				CLANG_WARN_SUSPICIOUS_MOVE = YES;
				CLANG_WARN_UNGUARDED_AVAILABILITY = YES_AGGRESSIVE;
				CLANG_WARN_UNREACHABLE_CODE = YES;
				CLANG_WARN__DUPLICATE_METHOD_MATCH = YES;
				CODE_SIGN_IDENTITY = "-";
				COPY_PHASE_STRIP = NO;
				DEBUG_INFORMATION_FORMAT = dwarf;
				ENABLE_STRICT_OBJC_MSGSEND = YES;
				ENABLE_TESTABILITY = YES;
				GCC_C_LANGUAGE_STANDARD = gnu11;
				GCC_DYNAMIC_NO_PIC = NO;
				GCC_NO_COMMON_BLOCKS = YES;
				GCC_OPTIMIZATION_LEVEL = 0;
				GCC_PREPROCESSOR_DEFINITIONS = (
					"DEBUG=1",
					"$(inherited)",
				);
				GCC_WARN_64_TO_32_BIT_CONVERSION = YES;
				GCC_WARN_ABOUT_RETURN_TYPE = YES_ERROR;
				GCC_WARN_UNDECLARED_SELECTOR = YES;
				GCC_WARN_UNINITIALIZED_AUTOS = YES_AGGRESSIVE;
				GCC_WARN_UNUSED_FUNCTION = YES;
				GCC_WARN_UNUSED_VARIABLE = YES;
				MACOSX_DEPLOYMENT_TARGET = 10.12;
				MTL_ENABLE_DEBUG_INFO = YES;
				ONLY_ACTIVE_ARCH = YES;
				SDKROOT = macosx;
			};
			name = Debug;
		};
		FAF801432024E79000F5C7C5 /* Release */ = {
			isa = XCBuildConfiguration;
			buildSettings = {
				ALWAYS_SEARCH_USER_PATHS = NO;
				CLANG_ANALYZER_NONNULL = YES;
				CLANG_ANALYZER_NUMBER_OBJECT_CONVERSION = YES_AGGRESSIVE;
				CLANG_CXX_LANGUAGE_STANDARD = "gnu++14";
				CLANG_CXX_LIBRARY = "libc++";
				CLANG_ENABLE_MODULES = YES;
				CLANG_ENABLE_OBJC_ARC = YES;
				CLANG_WARN_BLOCK_CAPTURE_AUTORELEASING = YES;
				CLANG_WARN_BOOL_CONVERSION = YES;
				CLANG_WARN_COMMA = YES;
				CLANG_WARN_CONSTANT_CONVERSION = YES;
				CLANG_WARN_DIRECT_OBJC_ISA_USAGE = YES_ERROR;
				CLANG_WARN_DOCUMENTATION_COMMENTS = YES;
				CLANG_WARN_EMPTY_BODY = YES;
				CLANG_WARN_ENUM_CONVERSION = YES;
				CLANG_WARN_INFINITE_RECURSION = YES;
				CLANG_WARN_INT_CONVERSION = YES;
				CLANG_WARN_NON_LITERAL_NULL_CONVERSION = YES;
				CLANG_WARN_OBJC_LITERAL_CONVERSION = YES;
				CLANG_WARN_OBJC_ROOT_CLASS = YES_ERROR;
				CLANG_WARN_RANGE_LOOP_ANALYSIS = YES;
				CLANG_WARN_STRICT_PROTOTYPES = YES;
				CLANG_WARN_SUSPICIOUS_MOVE = YES;
				CLANG_WARN_UNGUARDED_AVAILABILITY = YES_AGGRESSIVE;
				CLANG_WARN_UNREACHABLE_CODE = YES;
				CLANG_WARN__DUPLICATE_METHOD_MATCH = YES;
				CODE_SIGN_IDENTITY = "-";
				COPY_PHASE_STRIP = NO;
				DEBUG_INFORMATION_FORMAT = "dwarf-with-dsym";
				ENABLE_NS_ASSERTIONS = NO;
				ENABLE_STRICT_OBJC_MSGSEND = YES;
				GCC_C_LANGUAGE_STANDARD = gnu11;
				GCC_NO_COMMON_BLOCKS = YES;
				GCC_WARN_64_TO_32_BIT_CONVERSION = YES;
				GCC_WARN_ABOUT_RETURN_TYPE = YES_ERROR;
				GCC_WARN_UNDECLARED_SELECTOR = YES;
				GCC_WARN_UNINITIALIZED_AUTOS = YES_AGGRESSIVE;
				GCC_WARN_UNUSED_FUNCTION = YES;
				GCC_WARN_UNUSED_VARIABLE = YES;
				MACOSX_DEPLOYMENT_TARGET = 10.12;
				MTL_ENABLE_DEBUG_INFO = NO;
				SDKROOT = macosx;
			};
			name = Release;
		};
		FAF801452024E79000F5C7C5 /* Debug */ = {
			isa = XCBuildConfiguration;
			buildSettings = {
				CODE_SIGN_STYLE = Automatic;
				PRODUCT_NAME = "$(TARGET_NAME)";
			};
			name = Debug;
		};
		FAF801462024E79000F5C7C5 /* Release */ = {
			isa = XCBuildConfiguration;
			buildSettings = {
				CODE_SIGN_STYLE = Automatic;
				PRODUCT_NAME = "$(TARGET_NAME)";
			};
			name = Release;
		};
/* End XCBuildConfiguration section */

/* Begin XCConfigurationList section */
		FAF801382024E79000F5C7C5 /* Build configuration list for PBXProject "DataStructures" */ = {
			isa = XCConfigurationList;
			buildConfigurations = (
				FAF801422024E79000F5C7C5 /* Debug */,
				FAF801432024E79000F5C7C5 /* Release */,
			);
			defaultConfigurationIsVisible = 0;
			defaultConfigurationName = Release;
		};
		FAF801442024E79000F5C7C5 /* Build configuration list for PBXNativeTarget "DataStructures" */ = {
			isa = XCConfigurationList;
			buildConfigurations = (
				FAF801452024E79000F5C7C5 /* Debug */,
				FAF801462024E79000F5C7C5 /* Release */,
			);
			defaultConfigurationIsVisible = 0;
			defaultConfigurationName = Release;
		};
/* End XCConfigurationList section */
	};
	rootObject = FAF801352024E79000F5C7C5 /* Project object */;
}
